// !$*UTF8*$!
{
	archiveVersion = 1;
	classes = {
	};
	objectVersion = 48;
	objects = {

/* Begin PBXBuildFile section */
		162B94652FA4C879544D30DB /* libPods-CollectionViewDemo.a in Frameworks */ = {isa = PBXBuildFile; fileRef = 409BEC2324ED7C474BD9F38E /* libPods-CollectionViewDemo.a */; };
		6B87F9AB1F74DAC30081777D /* AppDelegate.m in Sources */ = {isa = PBXBuildFile; fileRef = 6B87F9AA1F74DAC30081777D /* AppDelegate.m */; };
		6B87F9AE1F74DAC30081777D /* ViewController.m in Sources */ = {isa = PBXBuildFile; fileRef = 6B87F9AD1F74DAC30081777D /* ViewController.m */; };
		6B87F9B11F74DAC30081777D /* Main.storyboard in Resources */ = {isa = PBXBuildFile; fileRef = 6B87F9AF1F74DAC30081777D /* Main.storyboard */; };
		6B87F9B31F74DAC30081777D /* Assets.xcassets in Resources */ = {isa = PBXBuildFile; fileRef = 6B87F9B21F74DAC30081777D /* Assets.xcassets */; };
		6B87F9B61F74DAC30081777D /* LaunchScreen.storyboard in Resources */ = {isa = PBXBuildFile; fileRef = 6B87F9B41F74DAC30081777D /* LaunchScreen.storyboard */; };
		6B87F9B91F74DAC30081777D /* main.m in Sources */ = {isa = PBXBuildFile; fileRef = 6B87F9B81F74DAC30081777D /* main.m */; };
		6B87F9C31F74DAC30081777D /* CollectionViewDemoTests.m in Sources */ = {isa = PBXBuildFile; fileRef = 6B87F9C21F74DAC30081777D /* CollectionViewDemoTests.m */; };
		6B87F9CE1F74DAC30081777D /* CollectionViewDemoUITests.m in Sources */ = {isa = PBXBuildFile; fileRef = 6B87F9CD1F74DAC30081777D /* CollectionViewDemoUITests.m */; };
/* End PBXBuildFile section */

/* Begin PBXContainerItemProxy section */
		6B87F9BF1F74DAC30081777D /* PBXContainerItemProxy */ = {
			isa = PBXContainerItemProxy;
			containerPortal = 6B87F99E1F74DAC30081777D /* Project object */;
			proxyType = 1;
			remoteGlobalIDString = 6B87F9A51F74DAC30081777D;
			remoteInfo = CollectionViewDemo;
		};
		6B87F9CA1F74DAC30081777D /* PBXContainerItemProxy */ = {
			isa = PBXContainerItemProxy;
			containerPortal = 6B87F99E1F74DAC30081777D /* Project object */;
			proxyType = 1;
			remoteGlobalIDString = 6B87F9A51F74DAC30081777D;
			remoteInfo = CollectionViewDemo;
		};
/* End PBXContainerItemProxy section */

/* Begin PBXFileReference section */
		0C1526FC85C1C7FEE332349A /* Pods-CollectionViewDemo.release.xcconfig */ = {isa = PBXFileReference; includeInIndex = 1; lastKnownFileType = text.xcconfig; name = "Pods-CollectionViewDemo.release.xcconfig"; path = "Pods/Target Support Files/Pods-CollectionViewDemo/Pods-CollectionViewDemo.release.xcconfig"; sourceTree = "<group>"; };
		409BEC2324ED7C474BD9F38E /* libPods-CollectionViewDemo.a */ = {isa = PBXFileReference; explicitFileType = archive.ar; includeInIndex = 0; path = "libPods-CollectionViewDemo.a"; sourceTree = BUILT_PRODUCTS_DIR; };
		6B87F9A61F74DAC30081777D /* CollectionViewDemo.app */ = {isa = PBXFileReference; explicitFileType = wrapper.application; includeInIndex = 0; path = CollectionViewDemo.app; sourceTree = BUILT_PRODUCTS_DIR; };
		6B87F9A91F74DAC30081777D /* AppDelegate.h */ = {isa = PBXFileReference; lastKnownFileType = sourcecode.c.h; path = AppDelegate.h; sourceTree = "<group>"; };
		6B87F9AA1F74DAC30081777D /* AppDelegate.m */ = {isa = PBXFileReference; lastKnownFileType = sourcecode.c.objc; path = AppDelegate.m; sourceTree = "<group>"; };
		6B87F9AC1F74DAC30081777D /* ViewController.h */ = {isa = PBXFileReference; lastKnownFileType = sourcecode.c.h; path = ViewController.h; sourceTree = "<group>"; };
		6B87F9AD1F74DAC30081777D /* ViewController.m */ = {isa = PBXFileReference; lastKnownFileType = sourcecode.c.objc; path = ViewController.m; sourceTree = "<group>"; };
		6B87F9B01F74DAC30081777D /* Base */ = {isa = PBXFileReference; lastKnownFileType = file.storyboard; name = Base; path = Base.lproj/Main.storyboard; sourceTree = "<group>"; };
		6B87F9B21F74DAC30081777D /* Assets.xcassets */ = {isa = PBXFileReference; lastKnownFileType = folder.assetcatalog; path = Assets.xcassets; sourceTree = "<group>"; };
		6B87F9B51F74DAC30081777D /* Base */ = {isa = PBXFileReference; lastKnownFileType = file.storyboard; name = Base; path = Base.lproj/LaunchScreen.storyboard; sourceTree = "<group>"; };
		6B87F9B71F74DAC30081777D /* Info.plist */ = {isa = PBXFileReference; lastKnownFileType = text.plist.xml; path = Info.plist; sourceTree = "<group>"; };
		6B87F9B81F74DAC30081777D /* main.m */ = {isa = PBXFileReference; lastKnownFileType = sourcecode.c.objc; path = main.m; sourceTree = "<group>"; };
		6B87F9BE1F74DAC30081777D /* CollectionViewDemoTests.xctest */ = {isa = PBXFileReference; explicitFileType = wrapper.cfbundle; includeInIndex = 0; path = CollectionViewDemoTests.xctest; sourceTree = BUILT_PRODUCTS_DIR; };
		6B87F9C21F74DAC30081777D /* CollectionViewDemoTests.m */ = {isa = PBXFileReference; lastKnownFileType = sourcecode.c.objc; path = CollectionViewDemoTests.m; sourceTree = "<group>"; };
		6B87F9C41F74DAC30081777D /* Info.plist */ = {isa = PBXFileReference; lastKnownFileType = text.plist.xml; path = Info.plist; sourceTree = "<group>"; };
		6B87F9C91F74DAC30081777D /* CollectionViewDemoUITests.xctest */ = {isa = PBXFileReference; explicitFileType = wrapper.cfbundle; includeInIndex = 0; path = CollectionViewDemoUITests.xctest; sourceTree = BUILT_PRODUCTS_DIR; };
		6B87F9CD1F74DAC30081777D /* CollectionViewDemoUITests.m */ = {isa = PBXFileReference; lastKnownFileType = sourcecode.c.objc; path = CollectionViewDemoUITests.m; sourceTree = "<group>"; };
		6B87F9CF1F74DAC30081777D /* Info.plist */ = {isa = PBXFileReference; lastKnownFileType = text.plist.xml; path = Info.plist; sourceTree = "<group>"; };
		9B358F53DDE1D44D1E623B55 /* Pods-CollectionViewDemo.debug.xcconfig */ = {isa = PBXFileReference; includeInIndex = 1; lastKnownFileType = text.xcconfig; name = "Pods-CollectionViewDemo.debug.xcconfig"; path = "Pods/Target Support Files/Pods-CollectionViewDemo/Pods-CollectionViewDemo.debug.xcconfig"; sourceTree = "<group>"; };
/* End PBXFileReference section */

/* Begin PBXFrameworksBuildPhase section */
		6B87F9A31F74DAC30081777D /* Frameworks */ = {
			isa = PBXFrameworksBuildPhase;
			buildActionMask = 2147483647;
			files = (
				162B94652FA4C879544D30DB /* libPods-CollectionViewDemo.a in Frameworks */,
			);
			runOnlyForDeploymentPostprocessing = 0;
		};
		6B87F9BB1F74DAC30081777D /* Frameworks */ = {
			isa = PBXFrameworksBuildPhase;
			buildActionMask = 2147483647;
			files = (
			);
			runOnlyForDeploymentPostprocessing = 0;
		};
		6B87F9C61F74DAC30081777D /* Frameworks */ = {
			isa = PBXFrameworksBuildPhase;
			buildActionMask = 2147483647;
			files = (
			);
			runOnlyForDeploymentPostprocessing = 0;
		};
/* End PBXFrameworksBuildPhase section */

/* Begin PBXGroup section */
		3C1487F42392BBAA0005A4BC /* Pods */ = {
			isa = PBXGroup;
			children = (
				9B358F53DDE1D44D1E623B55 /* Pods-CollectionViewDemo.debug.xcconfig */,
				0C1526FC85C1C7FEE332349A /* Pods-CollectionViewDemo.release.xcconfig */,
			);
			name = Pods;
			sourceTree = "<group>";
		};
		6B87F99D1F74DAC30081777D = {
			isa = PBXGroup;
			children = (
				6B87F9A81F74DAC30081777D /* CollectionViewDemo */,
				6B87F9C11F74DAC30081777D /* CollectionViewDemoTests */,
				6B87F9CC1F74DAC30081777D /* CollectionViewDemoUITests */,
				6B87F9A71F74DAC30081777D /* Products */,
				3C1487F42392BBAA0005A4BC /* Pods */,
				CAF4700BA29BDC48019C62E1 /* Frameworks */,
			);
			sourceTree = "<group>";
		};
		6B87F9A71F74DAC30081777D /* Products */ = {
			isa = PBXGroup;
			children = (
				6B87F9A61F74DAC30081777D /* CollectionViewDemo.app */,
				6B87F9BE1F74DAC30081777D /* CollectionViewDemoTests.xctest */,
				6B87F9C91F74DAC30081777D /* CollectionViewDemoUITests.xctest */,
			);
			name = Products;
			sourceTree = "<group>";
		};
		6B87F9A81F74DAC30081777D /* CollectionViewDemo */ = {
			isa = PBXGroup;
			children = (
				6B87F9A91F74DAC30081777D /* AppDelegate.h */,
				6B87F9AA1F74DAC30081777D /* AppDelegate.m */,
				6B87F9AC1F74DAC30081777D /* ViewController.h */,
				6B87F9AD1F74DAC30081777D /* ViewController.m */,
				6B87F9AF1F74DAC30081777D /* Main.storyboard */,
				6B87F9B21F74DAC30081777D /* Assets.xcassets */,
				6B87F9B41F74DAC30081777D /* LaunchScreen.storyboard */,
				6B87F9B71F74DAC30081777D /* Info.plist */,
				6B87F9B81F74DAC30081777D /* main.m */,
			);
			path = CollectionViewDemo;
			sourceTree = "<group>";
		};
		6B87F9C11F74DAC30081777D /* CollectionViewDemoTests */ = {
			isa = PBXGroup;
			children = (
				6B87F9C21F74DAC30081777D /* CollectionViewDemoTests.m */,
				6B87F9C41F74DAC30081777D /* Info.plist */,
			);
			path = CollectionViewDemoTests;
			sourceTree = "<group>";
		};
		6B87F9CC1F74DAC30081777D /* CollectionViewDemoUITests */ = {
			isa = PBXGroup;
			children = (
				6B87F9CD1F74DAC30081777D /* CollectionViewDemoUITests.m */,
				6B87F9CF1F74DAC30081777D /* Info.plist */,
			);
			path = CollectionViewDemoUITests;
			sourceTree = "<group>";
		};
		CAF4700BA29BDC48019C62E1 /* Frameworks */ = {
			isa = PBXGroup;
			children = (
				409BEC2324ED7C474BD9F38E /* libPods-CollectionViewDemo.a */,
			);
			name = Frameworks;
			sourceTree = "<group>";
		};
/* End PBXGroup section */

/* Begin PBXNativeTarget section */
		6B87F9A51F74DAC30081777D /* CollectionViewDemo */ = {
			isa = PBXNativeTarget;
			buildConfigurationList = 6B87F9D21F74DAC30081777D /* Build configuration list for PBXNativeTarget "CollectionViewDemo" */;
			buildPhases = (
				7A3511CC69FE2F8045B61FF4 /* [CP] Check Pods Manifest.lock */,
				6B87F9A21F74DAC30081777D /* Sources */,
				6B87F9A31F74DAC30081777D /* Frameworks */,
				6B87F9A41F74DAC30081777D /* Resources */,
				BAEA3A29555BE2A46718D54E /* [CP] Embed Pods Frameworks */,
				3768AE8E509759BE56F51ACE /* [CP] Copy Pods Resources */,
			);
			buildRules = (
			);
			dependencies = (
			);
			name = CollectionViewDemo;
			productName = CollectionViewDemo;
			productReference = 6B87F9A61F74DAC30081777D /* CollectionViewDemo.app */;
			productType = "com.apple.product-type.application";
		};
		6B87F9BD1F74DAC30081777D /* CollectionViewDemoTests */ = {
			isa = PBXNativeTarget;
			buildConfigurationList = 6B87F9D51F74DAC30081777D /* Build configuration list for PBXNativeTarget "CollectionViewDemoTests" */;
			buildPhases = (
				6B87F9BA1F74DAC30081777D /* Sources */,
				6B87F9BB1F74DAC30081777D /* Frameworks */,
				6B87F9BC1F74DAC30081777D /* Resources */,
			);
			buildRules = (
			);
			dependencies = (
				6B87F9C01F74DAC30081777D /* PBXTargetDependency */,
			);
			name = CollectionViewDemoTests;
			productName = CollectionViewDemoTests;
			productReference = 6B87F9BE1F74DAC30081777D /* CollectionViewDemoTests.xctest */;
			productType = "com.apple.product-type.bundle.unit-test";
		};
		6B87F9C81F74DAC30081777D /* CollectionViewDemoUITests */ = {
			isa = PBXNativeTarget;
			buildConfigurationList = 6B87F9D81F74DAC30081777D /* Build configuration list for PBXNativeTarget "CollectionViewDemoUITests" */;
			buildPhases = (
				6B87F9C51F74DAC30081777D /* Sources */,
				6B87F9C61F74DAC30081777D /* Frameworks */,
				6B87F9C71F74DAC30081777D /* Resources */,
			);
			buildRules = (
			);
			dependencies = (
				6B87F9CB1F74DAC30081777D /* PBXTargetDependency */,
			);
			name = CollectionViewDemoUITests;
			productName = CollectionViewDemoUITests;
			productReference = 6B87F9C91F74DAC30081777D /* CollectionViewDemoUITests.xctest */;
			productType = "com.apple.product-type.bundle.ui-testing";
		};
/* End PBXNativeTarget section */

/* Begin PBXProject section */
		6B87F99E1F74DAC30081777D /* Project object */ = {
			isa = PBXProject;
			attributes = {
				LastUpgradeCheck = 0900;
				ORGANIZATIONNAME = xindongfangzaixian;
				TargetAttributes = {
					6B87F9A51F74DAC30081777D = {
						CreatedOnToolsVersion = 9.0;
						ProvisioningStyle = Automatic;
					};
					6B87F9BD1F74DAC30081777D = {
						CreatedOnToolsVersion = 9.0;
						ProvisioningStyle = Automatic;
						TestTargetID = 6B87F9A51F74DAC30081777D;
					};
					6B87F9C81F74DAC30081777D = {
						CreatedOnToolsVersion = 9.0;
						ProvisioningStyle = Automatic;
						TestTargetID = 6B87F9A51F74DAC30081777D;
					};
				};
			};
			buildConfigurationList = 6B87F9A11F74DAC30081777D /* Build configuration list for PBXProject "CollectionViewDemo" */;
			compatibilityVersion = "Xcode 8.0";
			developmentRegion = en;
			hasScannedForEncodings = 0;
			knownRegions = (
				en,
				Base,
			);
			mainGroup = 6B87F99D1F74DAC30081777D;
			productRefGroup = 6B87F9A71F74DAC30081777D /* Products */;
			projectDirPath = "";
			projectRoot = "";
			targets = (
				6B87F9A51F74DAC30081777D /* CollectionViewDemo */,
				6B87F9BD1F74DAC30081777D /* CollectionViewDemoTests */,
				6B87F9C81F74DAC30081777D /* CollectionViewDemoUITests */,
			);
		};
/* End PBXProject section */

/* Begin PBXResourcesBuildPhase section */
		6B87F9A41F74DAC30081777D /* Resources */ = {
			isa = PBXResourcesBuildPhase;
			buildActionMask = 2147483647;
			files = (
				6B87F9B61F74DAC30081777D /* LaunchScreen.storyboard in Resources */,
				6B87F9B31F74DAC30081777D /* Assets.xcassets in Resources */,
				6B87F9B11F74DAC30081777D /* Main.storyboard in Resources */,
			);
			runOnlyForDeploymentPostprocessing = 0;
		};
		6B87F9BC1F74DAC30081777D /* Resources */ = {
			isa = PBXResourcesBuildPhase;
			buildActionMask = 2147483647;
			files = (
			);
			runOnlyForDeploymentPostprocessing = 0;
		};
		6B87F9C71F74DAC30081777D /* Resources */ = {
			isa = PBXResourcesBuildPhase;
			buildActionMask = 2147483647;
			files = (
			);
			runOnlyForDeploymentPostprocessing = 0;
		};
/* End PBXResourcesBuildPhase section */

/* Begin PBXShellScriptBuildPhase section */
		3768AE8E509759BE56F51ACE /* [CP] Copy Pods Resources */ = {
			isa = PBXShellScriptBuildPhase;
			buildActionMask = 2147483647;
			files = (
			);
			inputPaths = (
			);
			name = "[CP] Copy Pods Resources";
			outputPaths = (
			);
			runOnlyForDeploymentPostprocessing = 0;
			shellPath = /bin/sh;
			shellScript = "\"${SRCROOT}/Pods/Target Support Files/Pods-CollectionViewDemo/Pods-CollectionViewDemo-resources.sh\"\n";
			showEnvVarsInLog = 0;
		};
		7A3511CC69FE2F8045B61FF4 /* [CP] Check Pods Manifest.lock */ = {
			isa = PBXShellScriptBuildPhase;
			buildActionMask = 2147483647;
			files = (
			);
			inputPaths = (
				"${PODS_PODFILE_DIR_PATH}/Podfile.lock",
				"${PODS_ROOT}/Manifest.lock",
			);
			name = "[CP] Check Pods Manifest.lock";
			outputPaths = (
				"$(DERIVED_FILE_DIR)/Pods-CollectionViewDemo-checkManifestLockResult.txt",
			);
			runOnlyForDeploymentPostprocessing = 0;
			shellPath = /bin/sh;
			shellScript = "diff \"${PODS_PODFILE_DIR_PATH}/Podfile.lock\" \"${PODS_ROOT}/Manifest.lock\" > /dev/null\nif [ $? != 0 ] ; then\n    # print error to STDERR\n    echo \"error: The sandbox is not in sync with the Podfile.lock. Run 'pod install' or update your CocoaPods installation.\" >&2\n    exit 1\nfi\n# This output is used by Xcode 'outputs' to avoid re-running this script phase.\necho \"SUCCESS\" > \"${SCRIPT_OUTPUT_FILE_0}\"\n";
			showEnvVarsInLog = 0;
		};
		BAEA3A29555BE2A46718D54E /* [CP] Embed Pods Frameworks */ = {
			isa = PBXShellScriptBuildPhase;
			buildActionMask = 2147483647;
			files = (
			);
			inputPaths = (
				"${SRCROOT}/Pods/Target Support Files/Pods-CollectionViewDemo/Pods-CollectionViewDemo-frameworks.sh",
				"${PODS_ROOT}/Reveal-SDK/RevealServer-11/iOS/RevealServer.framework",
			);
			name = "[CP] Embed Pods Frameworks";
			outputPaths = (
				"${TARGET_BUILD_DIR}/${FRAMEWORKS_FOLDER_PATH}/RevealServer.framework",
			);
			runOnlyForDeploymentPostprocessing = 0;
			shellPath = /bin/sh;
			shellScript = "\"${SRCROOT}/Pods/Target Support Files/Pods-CollectionViewDemo/Pods-CollectionViewDemo-frameworks.sh\"\n";
			showEnvVarsInLog = 0;
		};
/* End PBXShellScriptBuildPhase section */

/* Begin PBXSourcesBuildPhase section */
		6B87F9A21F74DAC30081777D /* Sources */ = {
			isa = PBXSourcesBuildPhase;
			buildActionMask = 2147483647;
			files = (
				6B87F9AE1F74DAC30081777D /* ViewController.m in Sources */,
				6B87F9B91F74DAC30081777D /* main.m in Sources */,
				6B87F9AB1F74DAC30081777D /* AppDelegate.m in Sources */,
			);
			runOnlyForDeploymentPostprocessing = 0;
		};
		6B87F9BA1F74DAC30081777D /* Sources */ = {
			isa = PBXSourcesBuildPhase;
			buildActionMask = 2147483647;
			files = (
				6B87F9C31F74DAC30081777D /* CollectionViewDemoTests.m in Sources */,
			);
			runOnlyForDeploymentPostprocessing = 0;
		};
		6B87F9C51F74DAC30081777D /* Sources */ = {
			isa = PBXSourcesBuildPhase;
			buildActionMask = 2147483647;
			files = (
				6B87F9CE1F74DAC30081777D /* CollectionViewDemoUITests.m in Sources */,
			);
			runOnlyForDeploymentPostprocessing = 0;
		};
/* End PBXSourcesBuildPhase section */

/* Begin PBXTargetDependency section */
		6B87F9C01F74DAC30081777D /* PBXTargetDependency */ = {
			isa = PBXTargetDependency;
			target = 6B87F9A51F74DAC30081777D /* CollectionViewDemo */;
			targetProxy = 6B87F9BF1F74DAC30081777D /* PBXContainerItemProxy */;
		};
		6B87F9CB1F74DAC30081777D /* PBXTargetDependency */ = {
			isa = PBXTargetDependency;
			target = 6B87F9A51F74DAC30081777D /* CollectionViewDemo */;
			targetProxy = 6B87F9CA1F74DAC30081777D /* PBXContainerItemProxy */;
		};
/* End PBXTargetDependency section */

/* Begin PBXVariantGroup section */
		6B87F9AF1F74DAC30081777D /* Main.storyboard */ = {
			isa = PBXVariantGroup;
			children = (
				6B87F9B01F74DAC30081777D /* Base */,
			);
			name = Main.storyboard;
			sourceTree = "<group>";
		};
		6B87F9B41F74DAC30081777D /* LaunchScreen.storyboard */ = {
			isa = PBXVariantGroup;
			children = (
				6B87F9B51F74DAC30081777D /* Base */,
			);
			name = LaunchScreen.storyboard;
			sourceTree = "<group>";
		};
/* End PBXVariantGroup section */

/* Begin XCBuildConfiguration section */
		6B87F9D01F74DAC30081777D /* Debug */ = {
			isa = XCBuildConfiguration;
			buildSettings = {
				ALWAYS_SEARCH_USER_PATHS = NO;
				CLANG_ANALYZER_NONNULL = YES;
				CLANG_ANALYZER_NUMBER_OBJECT_CONVERSION = YES_AGGRESSIVE;
				CLANG_CXX_LANGUAGE_STANDARD = "gnu++14";
				CLANG_CXX_LIBRARY = "libc++";
				CLANG_ENABLE_MODULES = YES;
				CLANG_ENABLE_OBJC_ARC = YES;
				CLANG_WARN_BLOCK_CAPTURE_AUTORELEASING = YES;
				CLANG_WARN_BOOL_CONVERSION = YES;
				CLANG_WARN_COMMA = YES;
				CLANG_WARN_CONSTANT_CONVERSION = YES;
				CLANG_WARN_DIRECT_OBJC_ISA_USAGE = YES_ERROR;
				CLANG_WARN_DOCUMENTATION_COMMENTS = YES;
				CLANG_WARN_EMPTY_BODY = YES;
				CLANG_WARN_ENUM_CONVERSION = YES;
				CLANG_WARN_INFINITE_RECURSION = YES;
				CLANG_WARN_INT_CONVERSION = YES;
				CLANG_WARN_NON_LITERAL_NULL_CONVERSION = YES;
				CLANG_WARN_OBJC_LITERAL_CONVERSION = YES;
				CLANG_WARN_OBJC_ROOT_CLASS = YES_ERROR;
				CLANG_WARN_RANGE_LOOP_ANALYSIS = YES;
				CLANG_WARN_STRICT_PROTOTYPES = YES;
				CLANG_WARN_SUSPICIOUS_MOVE = YES;
				CLANG_WARN_UNGUARDED_AVAILABILITY = YES_AGGRESSIVE;
				CLANG_WARN_UNREACHABLE_CODE = YES;
				CLANG_WARN__DUPLICATE_METHOD_MATCH = YES;
				CODE_SIGN_IDENTITY = "iPhone Developer";
				COPY_PHASE_STRIP = NO;
				DEBUG_INFORMATION_FORMAT = dwarf;
				ENABLE_STRICT_OBJC_MSGSEND = YES;
				ENABLE_TESTABILITY = YES;
				GCC_C_LANGUAGE_STANDARD = gnu11;
				GCC_DYNAMIC_NO_PIC = NO;
				GCC_NO_COMMON_BLOCKS = YES;
				GCC_OPTIMIZATION_LEVEL = 0;
				GCC_PREPROCESSOR_DEFINITIONS = (
					"DEBUG=1",
					"$(inherited)",
				);
				GCC_WARN_64_TO_32_BIT_CONVERSION = YES;
				GCC_WARN_ABOUT_RETURN_TYPE = YES_ERROR;
				GCC_WARN_UNDECLARED_SELECTOR = YES;
				GCC_WARN_UNINITIALIZED_AUTOS = YES_AGGRESSIVE;
				GCC_WARN_UNUSED_FUNCTION = YES;
				GCC_WARN_UNUSED_VARIABLE = YES;
				IPHONEOS_DEPLOYMENT_TARGET = 11.0;
				MTL_ENABLE_DEBUG_INFO = YES;
				ONLY_ACTIVE_ARCH = YES;
				SDKROOT = iphoneos;
			};
			name = Debug;
		};
		6B87F9D11F74DAC30081777D /* Release */ = {
			isa = XCBuildConfiguration;
			buildSettings = {
				ALWAYS_SEARCH_USER_PATHS = NO;
				CLANG_ANALYZER_NONNULL = YES;
				CLANG_ANALYZER_NUMBER_OBJECT_CONVERSION = YES_AGGRESSIVE;
				CLANG_CXX_LANGUAGE_STANDARD = "gnu++14";
				CLANG_CXX_LIBRARY = "libc++";
				CLANG_ENABLE_MODULES = YES;
				CLANG_ENABLE_OBJC_ARC = YES;
				CLANG_WARN_BLOCK_CAPTURE_AUTORELEASING = YES;
				CLANG_WARN_BOOL_CONVERSION = YES;
				CLANG_WARN_COMMA = YES;
				CLANG_WARN_CONSTANT_CONVERSION = YES;
				CLANG_WARN_DIRECT_OBJC_ISA_USAGE = YES_ERROR;
				CLANG_WARN_DOCUMENTATION_COMMENTS = YES;
				CLANG_WARN_EMPTY_BODY = YES;
				CLANG_WARN_ENUM_CONVERSION = YES;
				CLANG_WARN_INFINITE_RECURSION = YES;
				CLANG_WARN_INT_CONVERSION = YES;
				CLANG_WARN_NON_LITERAL_NULL_CONVERSION = YES;
				CLANG_WARN_OBJC_LITERAL_CONVERSION = YES;
				CLANG_WARN_OBJC_ROOT_CLASS = YES_ERROR;
				CLANG_WARN_RANGE_LOOP_ANALYSIS = YES;
				CLANG_WARN_STRICT_PROTOTYPES = YES;
				CLANG_WARN_SUSPICIOUS_MOVE = YES;
				CLANG_WARN_UNGUARDED_AVAILABILITY = YES_AGGRESSIVE;
				CLANG_WARN_UNREACHABLE_CODE = YES;
				CLANG_WARN__DUPLICATE_METHOD_MATCH = YES;
				CODE_SIGN_IDENTITY = "iPhone Developer";
				COPY_PHASE_STRIP = NO;
				DEBUG_INFORMATION_FORMAT = "dwarf-with-dsym";
				ENABLE_NS_ASSERTIONS = NO;
				ENABLE_STRICT_OBJC_MSGSEND = YES;
				GCC_C_LANGUAGE_STANDARD = gnu11;
				GCC_NO_COMMON_BLOCKS = YES;
				GCC_WARN_64_TO_32_BIT_CONVERSION = YES;
				GCC_WARN_ABOUT_RETURN_TYPE = YES_ERROR;
				GCC_WARN_UNDECLARED_SELECTOR = YES;
				GCC_WARN_UNINITIALIZED_AUTOS = YES_AGGRESSIVE;
				GCC_WARN_UNUSED_FUNCTION = YES;
				GCC_WARN_UNUSED_VARIABLE = YES;
				IPHONEOS_DEPLOYMENT_TARGET = 11.0;
				MTL_ENABLE_DEBUG_INFO = NO;
				SDKROOT = iphoneos;
				VALIDATE_PRODUCT = YES;
			};
			name = Release;
		};
		6B87F9D31F74DAC30081777D /* Debug */ = {
			isa = XCBuildConfiguration;
			baseConfigurationReference = 9B358F53DDE1D44D1E623B55 /* Pods-CollectionViewDemo.debug.xcconfig */;
			buildSettings = {
				ASSETCATALOG_COMPILER_APPICON_NAME = AppIcon;
				CODE_SIGN_STYLE = Automatic;
				DEVELOPMENT_TEAM = HKMG35N8HB;
				INFOPLIST_FILE = CollectionViewDemo/Info.plist;
				LD_RUNPATH_SEARCH_PATHS = "$(inherited) @executable_path/Frameworks";
				PRODUCT_BUNDLE_IDENTIFIER = com.koolearn.CollectionViewDemo;
				PRODUCT_NAME = "$(TARGET_NAME)";
				TARGETED_DEVICE_FAMILY = "1,2";
			};
			name = Debug;
		};
		6B87F9D41F74DAC30081777D /* Release */ = {
			isa = XCBuildConfiguration;
			baseConfigurationReference = 0C1526FC85C1C7FEE332349A /* Pods-CollectionViewDemo.release.xcconfig */;
			buildSettings = {
				ASSETCATALOG_COMPILER_APPICON_NAME = AppIcon;
				CODE_SIGN_STYLE = Automatic;
				DEVELOPMENT_TEAM = HKMG35N8HB;
				INFOPLIST_FILE = CollectionViewDemo/Info.plist;
				LD_RUNPATH_SEARCH_PATHS = "$(inherited) @executable_path/Frameworks";
				PRODUCT_BUNDLE_IDENTIFIER = com.koolearn.CollectionViewDemo;
				PRODUCT_NAME = "$(TARGET_NAME)";
				TARGETED_DEVICE_FAMILY = "1,2";
			};
			name = Release;
		};
		6B87F9D61F74DAC30081777D /* Debug */ = {
			isa = XCBuildConfiguration;
			buildSettings = {
				BUNDLE_LOADER = "$(TEST_HOST)";
				CODE_SIGN_STYLE = Automatic;
				DEVELOPMENT_TEAM = HKMG35N8HB;
				INFOPLIST_FILE = CollectionViewDemoTests/Info.plist;
				LD_RUNPATH_SEARCH_PATHS = "$(inherited) @executable_path/Frameworks @loader_path/Frameworks";
				PRODUCT_BUNDLE_IDENTIFIER = com.koolearn.CollectionViewDemoTests;
				PRODUCT_NAME = "$(TARGET_NAME)";
				TARGETED_DEVICE_FAMILY = "1,2";
				TEST_HOST = "$(BUILT_PRODUCTS_DIR)/CollectionViewDemo.app/CollectionViewDemo";
			};
			name = Debug;
		};
		6B87F9D71F74DAC30081777D /* Release */ = {
			isa = XCBuildConfiguration;
			buildSettings = {
				BUNDLE_LOADER = "$(TEST_HOST)";
				CODE_SIGN_STYLE = Automatic;
				DEVELOPMENT_TEAM = HKMG35N8HB;
				INFOPLIST_FILE = CollectionViewDemoTests/Info.plist;
				LD_RUNPATH_SEARCH_PATHS = "$(inherited) @executable_path/Frameworks @loader_path/Frameworks";
				PRODUCT_BUNDLE_IDENTIFIER = com.koolearn.CollectionViewDemoTests;
				PRODUCT_NAME = "$(TARGET_NAME)";
				TARGETED_DEVICE_FAMILY = "1,2";
				TEST_HOST = "$(BUILT_PRODUCTS_DIR)/CollectionViewDemo.app/CollectionViewDemo";
			};
			name = Release;
		};
		6B87F9D91F74DAC30081777D /* Debug */ = {
			isa = XCBuildConfiguration;
			buildSettings = {
				CODE_SIGN_STYLE = Automatic;
				DEVELOPMENT_TEAM = HKMG35N8HB;
				INFOPLIST_FILE = CollectionViewDemoUITests/Info.plist;
				LD_RUNPATH_SEARCH_PATHS = "$(inherited) @executable_path/Frameworks @loader_path/Frameworks";
				PRODUCT_BUNDLE_IDENTIFIER = com.koolearn.CollectionViewDemoUITests;
				PRODUCT_NAME = "$(TARGET_NAME)";
				TARGETED_DEVICE_FAMILY = "1,2";
				TEST_TARGET_NAME = CollectionViewDemo;
			};
			name = Debug;
		};
		6B87F9DA1F74DAC30081777D /* Release */ = {
			isa = XCBuildConfiguration;
			buildSettings = {
				CODE_SIGN_STYLE = Automatic;
				DEVELOPMENT_TEAM = HKMG35N8HB;
				INFOPLIST_FILE = CollectionViewDemoUITests/Info.plist;
				LD_RUNPATH_SEARCH_PATHS = "$(inherited) @executable_path/Frameworks @loader_path/Frameworks";
				PRODUCT_BUNDLE_IDENTIFIER = com.koolearn.CollectionViewDemoUITests;
				PRODUCT_NAME = "$(TARGET_NAME)";
				TARGETED_DEVICE_FAMILY = "1,2";
				TEST_TARGET_NAME = CollectionViewDemo;
			};
			name = Release;
		};
/* End XCBuildConfiguration section */

/* Begin XCConfigurationList section */
		6B87F9A11F74DAC30081777D /* Build configuration list for PBXProject "CollectionViewDemo" */ = {
			isa = XCConfigurationList;
			buildConfigurations = (
				6B87F9D01F74DAC30081777D /* Debug */,
				6B87F9D11F74DAC30081777D /* Release */,
			);
			defaultConfigurationIsVisible = 0;
			defaultConfigurationName = Release;
		};
		6B87F9D21F74DAC30081777D /* Build configuration list for PBXNativeTarget "CollectionViewDemo" */ = {
			isa = XCConfigurationList;
			buildConfigurations = (
				6B87F9D31F74DAC30081777D /* Debug */,
				6B87F9D41F74DAC30081777D /* Release */,
			);
			defaultConfigurationIsVisible = 0;
			defaultConfigurationName = Release;
		};
		6B87F9D51F74DAC30081777D /* Build configuration list for PBXNativeTarget "CollectionViewDemoTests" */ = {
			isa = XCConfigurationList;
			buildConfigurations = (
				6B87F9D61F74DAC30081777D /* Debug */,
				6B87F9D71F74DAC30081777D /* Release */,
			);
			defaultConfigurationIsVisible = 0;
			defaultConfigurationName = Release;
		};
		6B87F9D81F74DAC30081777D /* Build configuration list for PBXNativeTarget "CollectionViewDemoUITests" */ = {
			isa = XCConfigurationList;
			buildConfigurations = (
				6B87F9D91F74DAC30081777D /* Debug */,
				6B87F9DA1F74DAC30081777D /* Release */,
			);
			defaultConfigurationIsVisible = 0;
			defaultConfigurationName = Release;
		};
/* End XCConfigurationList section */
	};
	rootObject = 6B87F99E1F74DAC30081777D /* Project object */;
}
